// !$*UTF8*$!
{
	archiveVersion = 1;
	classes = {
	};
	objectVersion = 46;
	objects = {

/* Begin PBXBuildFile section */
		D617355E1E260E3F007D0981 /* AppDelegate.swift in Sources */ = {isa = PBXBuildFile; fileRef = D617355D1E260E3F007D0981 /* AppDelegate.swift */; };
		D61735601E260E3F007D0981 /* ViewController.swift in Sources */ = {isa = PBXBuildFile; fileRef = D617355F1E260E3F007D0981 /* ViewController.swift */; };
		D61735631E260E3F007D0981 /* Main.storyboard in Resources */ = {isa = PBXBuildFile; fileRef = D61735611E260E3F007D0981 /* Main.storyboard */; };
		D61735651E260E3F007D0981 /* Assets.xcassets in Resources */ = {isa = PBXBuildFile; fileRef = D61735641E260E3F007D0981 /* Assets.xcassets */; };
		D61735681E260E3F007D0981 /* LaunchScreen.storyboard in Resources */ = {isa = PBXBuildFile; fileRef = D61735661E260E3F007D0981 /* LaunchScreen.storyboard */; };
		D61735751E261623007D0981 /* Reachability.m in Sources */ = {isa = PBXBuildFile; fileRef = D61735741E261623007D0981 /* Reachability.m */; };
/* End PBXBuildFile section */

/* Begin PBXFileReference section */
		D617355A1E260E3F007D0981 /* MyWifi.app */ = {isa = PBXFileReference; explicitFileType = wrapper.application; includeInIndex = 0; path = MyWifi.app; sourceTree = BUILT_PRODUCTS_DIR; };
		D617355D1E260E3F007D0981 /* AppDelegate.swift */ = {isa = PBXFileReference; lastKnownFileType = sourcecode.swift; path = AppDelegate.swift; sourceTree = "<group>"; };
		D617355F1E260E3F007D0981 /* ViewController.swift */ = {isa = PBXFileReference; lastKnownFileType = sourcecode.swift; path = ViewController.swift; sourceTree = "<group>"; };
		D61735621E260E3F007D0981 /* Base */ = {isa = PBXFileReference; lastKnownFileType = file.storyboard; name = Base; path = Base.lproj/Main.storyboard; sourceTree = "<group>"; };
		D61735641E260E3F007D0981 /* Assets.xcassets */ = {isa = PBXFileReference; lastKnownFileType = folder.assetcatalog; path = Assets.xcassets; sourceTree = "<group>"; };
		D61735671E260E3F007D0981 /* Base */ = {isa = PBXFileReference; lastKnownFileType = file.storyboard; name = Base; path = Base.lproj/LaunchScreen.storyboard; sourceTree = "<group>"; };
		D61735691E260E3F007D0981 /* Info.plist */ = {isa = PBXFileReference; lastKnownFileType = text.plist.xml; path = Info.plist; sourceTree = "<group>"; };
		D617356F1E26160D007D0981 /* MyWifi-Bridging-Header.h */ = {isa = PBXFileReference; lastKnownFileType = sourcecode.c.h; path = "MyWifi-Bridging-Header.h"; sourceTree = "<group>"; };
		D61735731E261623007D0981 /* Reachability.h */ = {isa = PBXFileReference; fileEncoding = 4; lastKnownFileType = sourcecode.c.h; path = Reachability.h; sourceTree = "<group>"; };
		D61735741E261623007D0981 /* Reachability.m */ = {isa = PBXFileReference; fileEncoding = 4; lastKnownFileType = sourcecode.c.objc; path = Reachability.m; sourceTree = "<group>"; };
/* End PBXFileReference section */

/* Begin PBXFrameworksBuildPhase section */
		D61735571E260E3F007D0981 /* Frameworks */ = {
			isa = PBXFrameworksBuildPhase;
			buildActionMask = 2147483647;
			files = (
			);
			runOnlyForDeploymentPostprocessing = 0;
		};
/* End PBXFrameworksBuildPhase section */

/* Begin PBXGroup section */
		D61735511E260E3E007D0981 = {
			isa = PBXGroup;
			children = (
				D617355C1E260E3F007D0981 /* MyWifi */,
				D617355B1E260E3F007D0981 /* Products */,
			);
			sourceTree = "<group>";
		};
		D617355B1E260E3F007D0981 /* Products */ = {
			isa = PBXGroup;
			children = (
				D617355A1E260E3F007D0981 /* MyWifi.app */,
			);
			name = Products;
			sourceTree = "<group>";
		};
		D617355C1E260E3F007D0981 /* MyWifi */ = {
			isa = PBXGroup;
			children = (
				D61735731E261623007D0981 /* Reachability.h */,
				D61735741E261623007D0981 /* Reachability.m */,
				D617355D1E260E3F007D0981 /* AppDelegate.swift */,
				D617355F1E260E3F007D0981 /* ViewController.swift */,
				D61735611E260E3F007D0981 /* Main.storyboard */,
				D61735641E260E3F007D0981 /* Assets.xcassets */,
				D61735661E260E3F007D0981 /* LaunchScreen.storyboard */,
				D61735691E260E3F007D0981 /* Info.plist */,
				D617356F1E26160D007D0981 /* MyWifi-Bridging-Header.h */,
			);
			path = MyWifi;
			sourceTree = "<group>";
		};
/* End PBXGroup section */

/* Begin PBXNativeTarget section */
		D61735591E260E3F007D0981 /* MyWifi */ = {
			isa = PBXNativeTarget;
			buildConfigurationList = D617356C1E260E3F007D0981 /* Build configuration list for PBXNativeTarget "MyWifi" */;
			buildPhases = (
				D61735561E260E3F007D0981 /* Sources */,
				D61735571E260E3F007D0981 /* Frameworks */,
				D61735581E260E3F007D0981 /* Resources */,
			);
			buildRules = (
			);
			dependencies = (
			);
			name = MyWifi;
			productName = MyWifi;
			productReference = D617355A1E260E3F007D0981 /* MyWifi.app */;
			productType = "com.apple.product-type.application";
		};
/* End PBXNativeTarget section */

/* Begin PBXProject section */
		D61735521E260E3E007D0981 /* Project object */ = {
			isa = PBXProject;
			attributes = {
				LastSwiftUpdateCheck = 0820;
				LastUpgradeCheck = 0820;
				ORGANIZATIONNAME = sqluo;
				TargetAttributes = {
					D61735591E260E3F007D0981 = {
						CreatedOnToolsVersion = 8.2.1;
						DevelopmentTeam = NP7D9SC777;
						LastSwiftMigration = 0820;
						ProvisioningStyle = Automatic;
					};
				};
			};
			buildConfigurationList = D61735551E260E3E007D0981 /* Build configuration list for PBXProject "MyWifi" */;
			compatibilityVersion = "Xcode 3.2";
			developmentRegion = English;
			hasScannedForEncodings = 0;
			knownRegions = (
				en,
				Base,
			);
			mainGroup = D61735511E260E3E007D0981;
			productRefGroup = D617355B1E260E3F007D0981 /* Products */;
			projectDirPath = "";
			projectRoot = "";
			targets = (
				D61735591E260E3F007D0981 /* MyWifi */,
			);
		};
/* End PBXProject section */

/* Begin PBXResourcesBuildPhase section */
		D61735581E260E3F007D0981 /* Resources */ = {
			isa = PBXResourcesBuildPhase;
			buildActionMask = 2147483647;
			files = (
				D61735681E260E3F007D0981 /* LaunchScreen.storyboard in Resources */,
				D61735651E260E3F007D0981 /* Assets.xcassets in Resources */,
				D61735631E260E3F007D0981 /* Main.storyboard in Resources */,
			);
			runOnlyForDeploymentPostprocessing = 0;
		};
/* End PBXResourcesBuildPhase section */

/* Begin PBXSourcesBuildPhase section */
		D61735561E260E3F007D0981 /* Sources */ = {
			isa = PBXSourcesBuildPhase;
			buildActionMask = 2147483647;
			files = (
				D61735601E260E3F007D0981 /* ViewController.swift in Sources */,
				D61735751E261623007D0981 /* Reachability.m in Sources */,
				D617355E1E260E3F007D0981 /* AppDelegate.swift in Sources */,
			);
			runOnlyForDeploymentPostprocessing = 0;
		};
/* End PBXSourcesBuildPhase section */

/* Begin PBXVariantGroup section */
		D61735611E260E3F007D0981 /* Main.storyboard */ = {
			isa = PBXVariantGroup;
			children = (
				D61735621E260E3F007D0981 /* Base */,
			);
			name = Main.storyboard;
			sourceTree = "<group>";
		};
		D61735661E260E3F007D0981 /* LaunchScreen.storyboard */ = {
			isa = PBXVariantGroup;
			children = (
				D61735671E260E3F007D0981 /* Base */,
			);
			name = LaunchScreen.storyboard;
			sourceTree = "<group>";
		};
/* End PBXVariantGroup section */

/* Begin XCBuildConfiguration section */
		D617356A1E260E3F007D0981 /* Debug */ = {
			isa = XCBuildConfiguration;
			buildSettings = {
				ALWAYS_SEARCH_USER_PATHS = NO;
				CLANG_ANALYZER_NONNULL = YES;
				CLANG_CXX_LANGUAGE_STANDARD = "gnu++0x";
				CLANG_CXX_LIBRARY = "libc++";
				CLANG_ENABLE_MODULES = YES;
				CLANG_ENABLE_OBJC_ARC = YES;
				CLANG_WARN_BOOL_CONVERSION = YES;
				CLANG_WARN_CONSTANT_CONVERSION = YES;
				CLANG_WARN_DIRECT_OBJC_ISA_USAGE = YES_ERROR;
				CLANG_WARN_DOCUMENTATION_COMMENTS = YES;
				CLANG_WARN_EMPTY_BODY = YES;
				CLANG_WARN_ENUM_CONVERSION = YES;
				CLANG_WARN_INFINITE_RECURSION = YES;
				CLANG_WARN_INT_CONVERSION = YES;
				CLANG_WARN_OBJC_ROOT_CLASS = YES_ERROR;
				CLANG_WARN_SUSPICIOUS_MOVE = YES;
				CLANG_WARN_UNREACHABLE_CODE = YES;
				CLANG_WARN__DUPLICATE_METHOD_MATCH = YES;
				"CODE_SIGN_IDENTITY[sdk=iphoneos*]" = "iPhone Developer";
				COPY_PHASE_STRIP = NO;
				DEBUG_INFORMATION_FORMAT = dwarf;
				ENABLE_STRICT_OBJC_MSGSEND = YES;
				ENABLE_TESTABILITY = YES;
				GCC_C_LANGUAGE_STANDARD = gnu99;
				GCC_DYNAMIC_NO_PIC = NO;
				GCC_NO_COMMON_BLOCKS = YES;
				GCC_OPTIMIZATION_LEVEL = 0;
				GCC_PREPROCESSOR_DEFINITIONS = (
					"DEBUG=1",
					"$(inherited)",
				);
				GCC_WARN_64_TO_32_BIT_CONVERSION = YES;
				GCC_WARN_ABOUT_RETURN_TYPE = YES_ERROR;
				GCC_WARN_UNDECLARED_SELECTOR = YES;
				GCC_WARN_UNINITIALIZED_AUTOS = YES_AGGRESSIVE;
				GCC_WARN_UNUSED_FUNCTION = YES;
				GCC_WARN_UNUSED_VARIABLE = YES;
				IPHONEOS_DEPLOYMENT_TARGET = 10.2;
				MTL_ENABLE_DEBUG_INFO = YES;
				ONLY_ACTIVE_ARCH = YES;
				SDKROOT = iphoneos;
				SWIFT_ACTIVE_COMPILATION_CONDITIONS = DEBUG;
				SWIFT_OPTIMIZATION_LEVEL = "-Onone";
			};
			name = Debug;
		};
		D617356B1E260E3F007D0981 /* Release */ = {
			isa = XCBuildConfiguration;
			buildSettings = {
				ALWAYS_SEARCH_USER_PATHS = NO;
				CLANG_ANALYZER_NONNULL = YES;
				CLANG_CXX_LANGUAGE_STANDARD = "gnu++0x";
				CLANG_CXX_LIBRARY = "libc++";
				CLANG_ENABLE_MODULES = YES;
				CLANG_ENABLE_OBJC_ARC = YES;
				CLANG_WARN_BOOL_CONVERSION = YES;
				CLANG_WARN_CONSTANT_CONVERSION = YES;
				CLANG_WARN_DIRECT_OBJC_ISA_USAGE = YES_ERROR;
				CLANG_WARN_DOCUMENTATION_COMMENTS = YES;
				CLANG_WARN_EMPTY_BODY = YES;
				CLANG_WARN_ENUM_CONVERSION = YES;
				CLANG_WARN_INFINITE_RECURSION = YES;
				CLANG_WARN_INT_CONVERSION = YES;
				CLANG_WARN_OBJC_ROOT_CLASS = YES_ERROR;
				CLANG_WARN_SUSPICIOUS_MOVE = YES;
				CLANG_WARN_UNREACHABLE_CODE = YES;
				CLANG_WARN__DUPLICATE_METHOD_MATCH = YES;
				"CODE_SIGN_IDENTITY[sdk=iphoneos*]" = "iPhone Developer";
				COPY_PHASE_STRIP = NO;
				DEBUG_INFORMATION_FORMAT = "dwarf-with-dsym";
				ENABLE_NS_ASSERTIONS = NO;
				ENABLE_STRICT_OBJC_MSGSEND = YES;
				GCC_C_LANGUAGE_STANDARD = gnu99;
				GCC_NO_COMMON_BLOCKS = YES;
				GCC_WARN_64_TO_32_BIT_CONVERSION = YES;
				GCC_WARN_ABOUT_RETURN_TYPE = YES_ERROR;
				GCC_WARN_UNDECLARED_SELECTOR = YES;
				GCC_WARN_UNINITIALIZED_AUTOS = YES_AGGRESSIVE;
				GCC_WARN_UNUSED_FUNCTION = YES;
				GCC_WARN_UNUSED_VARIABLE = YES;
				IPHONEOS_DEPLOYMENT_TARGET = 10.2;
				MTL_ENABLE_DEBUG_INFO = NO;
				SDKROOT = iphoneos;
				SWIFT_OPTIMIZATION_LEVEL = "-Owholemodule";
				VALIDATE_PRODUCT = YES;
			};
			name = Release;
		};
		D617356D1E260E3F007D0981 /* Debug */ = {
			isa = XCBuildConfiguration;
			buildSettings = {
				ASSETCATALOG_COMPILER_APPICON_NAME = AppIcon;
				CLANG_ENABLE_MODULES = YES;
				DEVELOPMENT_TEAM = NP7D9SC777;
				INFOPLIST_FILE = MyWifi/Info.plist;
				IPHONEOS_DEPLOYMENT_TARGET = 8.0;
				LD_RUNPATH_SEARCH_PATHS = "$(inherited) @executable_path/Frameworks";
				PRODUCT_BUNDLE_IDENTIFIER = com.sql.MyWifi;
				PRODUCT_NAME = "$(TARGET_NAME)";
				SWIFT_OBJC_BRIDGING_HEADER = "MyWifi/MyWifi-Bridging-Header.h";
				SWIFT_OPTIMIZATION_LEVEL = "-Onone";
				SWIFT_VERSION = 3.0;
			};
			name = Debug;
		};
		D617356E1E260E3F007D0981 /* Release */ = {
			isa = XCBuildConfiguration;
			buildSettings = {
				ASSETCATALOG_COMPILER_APPICON_NAME = AppIcon;
				CLANG_ENABLE_MODULES = YES;
				DEVELOPMENT_TEAM = NP7D9SC777;
				INFOPLIST_FILE = MyWifi/Info.plist;
				IPHONEOS_DEPLOYMENT_TARGET = 8.0;
				LD_RUNPATH_SEARCH_PATHS = "$(inherited) @executable_path/Frameworks";
				PRODUCT_BUNDLE_IDENTIFIER = com.sql.MyWifi;
				PRODUCT_NAME = "$(TARGET_NAME)";
				SWIFT_OBJC_BRIDGING_HEADER = "MyWifi/MyWifi-Bridging-Header.h";
				SWIFT_VERSION = 3.0;
			};
			name = Release;
		};
/* End XCBuildConfiguration section */

/* Begin XCConfigurationList section */
		D61735551E260E3E007D0981 /* Build configuration list for PBXProject "MyWifi" */ = {
			isa = XCConfigurationList;
			buildConfigurations = (
				D617356A1E260E3F007D0981 /* Debug */,
				D617356B1E260E3F007D0981 /* Release */,
			);
			defaultConfigurationIsVisible = 0;
			defaultConfigurationName = Release;
		};
		D617356C1E260E3F007D0981 /* Build configuration list for PBXNativeTarget "MyWifi" */ = {
			isa = XCConfigurationList;
			buildConfigurations = (
				D617356D1E260E3F007D0981 /* Debug */,
				D617356E1E260E3F007D0981 /* Release */,
			);
			defaultConfigurationIsVisible = 0;
		};
/* End XCConfigurationList section */
	};
	rootObject = D61735521E260E3E007D0981 /* Project object */;
}
